
Microsoft Visual Studio Solution File, Format Version 12.00
# Visual Studio Version 17
VisualStudioVersion = 17.10.35013.160
MinimumVisualStudioVersion = 10.0.40219.1
Project("{2150E333-8FDC-42A3-9474-1A3956D46DE8}") = "Infrastructure", "Infrastructure", "{BFD069C8-E6F9-4CA4-B031-993A760831B6}"
EndProject
Project("{2150E333-8FDC-42A3-9474-1A3956D46DE8}") = "Core", "Core", "{8F49AB05-775A-468C-9324-891F787DECDF}"
EndProject
Project("{2150E333-8FDC-42A3-9474-1A3956D46DE8}") = "Presentation", "Presentation", "{31543140-5F6C-46AF-A03C-FA8ED76662FC}"
EndProject
Project("{FAE04EC0-301F-11D3-BF4B-00C04F79EFBC}") = "QuizAPI.Application", "Core\QuizApi.Application\QuizAPI.Application.csproj", "{8E8C1225-A3BB-4702-836F-8E67CC02CF52}"
EndProject
Project("{FAE04EC0-301F-11D3-BF4B-00C04F79EFBC}") = "QuizAPI.Domain", "Core\QuizApi.Domain\QuizAPI.Domain.csproj", "{552A5EBC-3B83-4398-8122-78B571F3A680}"
EndProject
Project("{FAE04EC0-301F-11D3-BF4B-00C04F79EFBC}") = "QuizAPI.Infrastructure", "Infrastructure\QuizApi.Infrastructure\QuizAPI.Infrastructure.csproj", "{F70E61DF-7894-4D19-8419-ED9C35EED45F}"
EndProject
Project("{FAE04EC0-301F-11D3-BF4B-00C04F79EFBC}") = "QuizAPI.Persistence", "Infrastructure\QuizApi.Persistence\QuizAPI.Persistence.csproj", "{2D084F12-B15C-4193-9391-6C8F35768664}"
EndProject
Project("{FAE04EC0-301F-11D3-BF4B-00C04F79EFBC}") = "QuizAPI.API", "Presentation\QuizApi.Api\QuizAPI.API.csproj", "{E8C353E7-3901-43CA-BAD2-7B24971AAF81}"
EndProject
Global
	GlobalSection(SolutionConfigurationPlatforms) = preSolution
		Debug|Any CPU = Debug|Any CPU
		Release|Any CPU = Release|Any CPU
	EndGlobalSection
	GlobalSection(ProjectConfigurationPlatforms) = postSolution
		{8E8C1225-A3BB-4702-836F-8E67CC02CF52}.Debug|Any CPU.ActiveCfg = Debug|Any CPU
		{8E8C1225-A3BB-4702-836F-8E67CC02CF52}.Debug|Any CPU.Build.0 = Debug|Any CPU
		{8E8C1225-A3BB-4702-836F-8E67CC02CF52}.Release|Any CPU.ActiveCfg = Release|Any CPU
		{8E8C1225-A3BB-4702-836F-8E67CC02CF52}.Release|Any CPU.Build.0 = Release|Any CPU
		{552A5EBC-3B83-4398-8122-78B571F3A680}.Debug|Any CPU.ActiveCfg = Debug|Any CPU
		{552A5EBC-3B83-4398-8122-78B571F3A680}.Debug|Any CPU.Build.0 = Debug|Any CPU
		{552A5EBC-3B83-4398-8122-78B571F3A680}.Release|Any CPU.ActiveCfg = Release|Any CPU
		{552A5EBC-3B83-4398-8122-78B571F3A680}.Release|Any CPU.Build.0 = Release|Any CPU
		{F70E61DF-7894-4D19-8419-ED9C35EED45F}.Debug|Any CPU.ActiveCfg = Debug|Any CPU
		{F70E61DF-7894-4D19-8419-ED9C35EED45F}.Debug|Any CPU.Build.0 = Debug|Any CPU
		{F70E61DF-7894-4D19-8419-ED9C35EED45F}.Release|Any CPU.ActiveCfg = Release|Any CPU
		{F70E61DF-7894-4D19-8419-ED9C35EED45F}.Release|Any CPU.Build.0 = Release|Any CPU
		{2D084F12-B15C-4193-9391-6C8F35768664}.Debug|Any CPU.ActiveCfg = Debug|Any CPU
		{2D084F12-B15C-4193-9391-6C8F35768664}.Debug|Any CPU.Build.0 = Debug|Any CPU
		{2D084F12-B15C-4193-9391-6C8F35768664}.Release|Any CPU.ActiveCfg = Release|Any CPU
		{2D084F12-B15C-4193-9391-6C8F35768664}.Release|Any CPU.Build.0 = Release|Any CPU
		{E8C353E7-3901-43CA-BAD2-7B24971AAF81}.Debug|Any CPU.ActiveCfg = Debug|Any CPU
		{E8C353E7-3901-43CA-BAD2-7B24971AAF81}.Debug|Any CPU.Build.0 = Debug|Any CPU
		{E8C353E7-3901-43CA-BAD2-7B24971AAF81}.Release|Any CPU.ActiveCfg = Release|Any CPU
		{E8C353E7-3901-43CA-BAD2-7B24971AAF81}.Release|Any CPU.Build.0 = Release|Any CPU
	EndGlobalSection
	GlobalSection(SolutionProperties) = preSolution
		HideSolutionNode = FALSE
	EndGlobalSection
	GlobalSection(NestedProjects) = preSolution
		{8E8C1225-A3BB-4702-836F-8E67CC02CF52} = {8F49AB05-775A-468C-9324-891F787DECDF}
		{552A5EBC-3B83-4398-8122-78B571F3A680} = {8F49AB05-775A-468C-9324-891F787DECDF}
		{F70E61DF-7894-4D19-8419-ED9C35EED45F} = {BFD069C8-E6F9-4CA4-B031-993A760831B6}
		{2D084F12-B15C-4193-9391-6C8F35768664} = {BFD069C8-E6F9-4CA4-B031-993A760831B6}
		{E8C353E7-3901-43CA-BAD2-7B24971AAF81} = {31543140-5F6C-46AF-A03C-FA8ED76662FC}
	EndGlobalSection
	GlobalSection(ExtensibilityGlobals) = postSolution
		SolutionGuid = {3EEC75D1-CC14-4CA0-B4F9-686D96AD3B4C}
	EndGlobalSection
EndGlobal
